
Microsoft Visual Studio Solution File, Format Version 12.00
# Visual Studio Version 16
VisualStudioVersion = 16.0.31019.35
MinimumVisualStudioVersion = 10.0.40219.1
Project("{9A19103F-16F7-4668-BE54-9A1E7A4F7556}") = "DSCC.CW1.API.7895", "DSCC.CW1.API.7895\DSCC.CW1.API.7895.csproj", "{9E28345D-38E9-42A6-AF6D-DD3F84674D6C}"
EndProject
Project("{FAE04EC0-301F-11D3-BF4B-00C04F79EFBC}") = "DSCC.CW1.DAL.7895", "DSCC.CW1.DAL.7895\DSCC.CW1.DAL.7895.csproj", "{379387A3-6ABA-4D65-9315-A52F54B19F5C}"
EndProject
Global
	GlobalSection(SolutionConfigurationPlatforms) = preSolution
		Debug|Any CPU = Debug|Any CPU
		Release|Any CPU = Release|Any CPU
	EndGlobalSection
	GlobalSection(ProjectConfigurationPlatforms) = postSolution
		{9E28345D-38E9-42A6-AF6D-DD3F84674D6C}.Debug|Any CPU.ActiveCfg = Debug|Any CPU
		{9E28345D-38E9-42A6-AF6D-DD3F84674D6C}.Debug|Any CPU.Build.0 = Debug|Any CPU
		{9E28345D-38E9-42A6-AF6D-DD3F84674D6C}.Release|Any CPU.ActiveCfg = Release|Any CPU
		{9E28345D-38E9-42A6-AF6D-DD3F84674D6C}.Release|Any CPU.Build.0 = Release|Any CPU
		{379387A3-6ABA-4D65-9315-A52F54B19F5C}.Debug|Any CPU.ActiveCfg = Debug|Any CPU
		{379387A3-6ABA-4D65-9315-A52F54B19F5C}.Debug|Any CPU.Build.0 = Debug|Any CPU
		{379387A3-6ABA-4D65-9315-A52F54B19F5C}.Release|Any CPU.ActiveCfg = Release|Any CPU
		{379387A3-6ABA-4D65-9315-A52F54B19F5C}.Release|Any CPU.Build.0 = Release|Any CPU
	EndGlobalSection
	GlobalSection(SolutionProperties) = preSolution
		HideSolutionNode = FALSE
	EndGlobalSection
	GlobalSection(ExtensibilityGlobals) = postSolution
		SolutionGuid = {B1F39CB3-099C-4CC6-BDDD-4756DA46A6C7}
	EndGlobalSection
EndGlobal
